// !$*UTF8*$!
{
	archiveVersion = 1;
	classes = {
	};
	objectVersion = 46;
	objects = {

/* Begin PBXBuildFile section */
		22CE43DC2B7F5689F5DF5197 /* Pods_harvest.framework in Frameworks */ = {isa = PBXBuildFile; fileRef = 78D3DA519960BA38D03644B0 /* Pods_harvest.framework */; };
		4A5C8A421CC742A4000B92B2 /* PickingCell.swift in Sources */ = {isa = PBXBuildFile; fileRef = 4A5C8A411CC742A4000B92B2 /* PickingCell.swift */; };
		4A5C8A441CC7485A000B92B2 /* ArrivedViewController.swift in Sources */ = {isa = PBXBuildFile; fileRef = 4A5C8A431CC7485A000B92B2 /* ArrivedViewController.swift */; };
		4A5C8A461CC7DF24000B92B2 /* TransitViewController.swift in Sources */ = {isa = PBXBuildFile; fileRef = 4A5C8A451CC7DF24000B92B2 /* TransitViewController.swift */; };
		4A680ACB1CCE809C0083FEFB /* Run.swift in Sources */ = {isa = PBXBuildFile; fileRef = 4A680ACA1CCE809C0083FEFB /* Run.swift */; };
		4AD59E8B1CC538BF0059E05E /* AppDelegate.swift in Sources */ = {isa = PBXBuildFile; fileRef = 4AD59E8A1CC538BF0059E05E /* AppDelegate.swift */; };
		4AD59E8D1CC538BF0059E05E /* MainViewController.swift in Sources */ = {isa = PBXBuildFile; fileRef = 4AD59E8C1CC538BF0059E05E /* MainViewController.swift */; };
		4AD59E901CC538BF0059E05E /* Main.storyboard in Resources */ = {isa = PBXBuildFile; fileRef = 4AD59E8E1CC538BF0059E05E /* Main.storyboard */; };
		4AD59E921CC538BF0059E05E /* Assets.xcassets in Resources */ = {isa = PBXBuildFile; fileRef = 4AD59E911CC538BF0059E05E /* Assets.xcassets */; };
		4AD59E951CC538BF0059E05E /* LaunchScreen.storyboard in Resources */ = {isa = PBXBuildFile; fileRef = 4AD59E931CC538BF0059E05E /* LaunchScreen.storyboard */; };
		4AD59E9F1CC542DA0059E05E /* TableViewController.swift in Sources */ = {isa = PBXBuildFile; fileRef = 4AD59E9E1CC542DA0059E05E /* TableViewController.swift */; };
		4AD59EA11CC546620059E05E /* SelectionViewController.swift in Sources */ = {isa = PBXBuildFile; fileRef = 4AD59EA01CC546620059E05E /* SelectionViewController.swift */; };
/* End PBXBuildFile section */

/* Begin PBXFileReference section */
		4A5C8A411CC742A4000B92B2 /* PickingCell.swift */ = {isa = PBXFileReference; fileEncoding = 4; lastKnownFileType = sourcecode.swift; path = PickingCell.swift; sourceTree = "<group>"; };
		4A5C8A431CC7485A000B92B2 /* ArrivedViewController.swift */ = {isa = PBXFileReference; fileEncoding = 4; lastKnownFileType = sourcecode.swift; path = ArrivedViewController.swift; sourceTree = "<group>"; };
		4A5C8A451CC7DF24000B92B2 /* TransitViewController.swift */ = {isa = PBXFileReference; fileEncoding = 4; lastKnownFileType = sourcecode.swift; path = TransitViewController.swift; sourceTree = "<group>"; };
		4A680ACA1CCE809C0083FEFB /* Run.swift */ = {isa = PBXFileReference; fileEncoding = 4; lastKnownFileType = sourcecode.swift; path = Run.swift; sourceTree = "<group>"; };
		4AD59E871CC538BF0059E05E /* harvest.app */ = {isa = PBXFileReference; explicitFileType = wrapper.application; includeInIndex = 0; path = harvest.app; sourceTree = BUILT_PRODUCTS_DIR; };
		4AD59E8A1CC538BF0059E05E /* AppDelegate.swift */ = {isa = PBXFileReference; lastKnownFileType = sourcecode.swift; path = AppDelegate.swift; sourceTree = "<group>"; };
		4AD59E8C1CC538BF0059E05E /* MainViewController.swift */ = {isa = PBXFileReference; lastKnownFileType = sourcecode.swift; path = MainViewController.swift; sourceTree = "<group>"; };
		4AD59E8F1CC538BF0059E05E /* Base */ = {isa = PBXFileReference; lastKnownFileType = file.storyboard; name = Base; path = Base.lproj/Main.storyboard; sourceTree = "<group>"; };
		4AD59E911CC538BF0059E05E /* Assets.xcassets */ = {isa = PBXFileReference; lastKnownFileType = folder.assetcatalog; path = Assets.xcassets; sourceTree = "<group>"; };
		4AD59E941CC538BF0059E05E /* Base */ = {isa = PBXFileReference; lastKnownFileType = file.storyboard; name = Base; path = Base.lproj/LaunchScreen.storyboard; sourceTree = "<group>"; };
		4AD59E961CC538BF0059E05E /* Info.plist */ = {isa = PBXFileReference; lastKnownFileType = text.plist.xml; path = Info.plist; sourceTree = "<group>"; };
		4AD59E9E1CC542DA0059E05E /* TableViewController.swift */ = {isa = PBXFileReference; fileEncoding = 4; lastKnownFileType = sourcecode.swift; path = TableViewController.swift; sourceTree = "<group>"; };
		4AD59EA01CC546620059E05E /* SelectionViewController.swift */ = {isa = PBXFileReference; fileEncoding = 4; lastKnownFileType = sourcecode.swift; path = SelectionViewController.swift; sourceTree = "<group>"; };
		78D3DA519960BA38D03644B0 /* Pods_harvest.framework */ = {isa = PBXFileReference; explicitFileType = wrapper.framework; includeInIndex = 0; path = Pods_harvest.framework; sourceTree = BUILT_PRODUCTS_DIR; };
		7D606A8A9ACDA3EBAB874420 /* Pods-harvest.release.xcconfig */ = {isa = PBXFileReference; includeInIndex = 1; lastKnownFileType = text.xcconfig; name = "Pods-harvest.release.xcconfig"; path = "Pods/Target Support Files/Pods-harvest/Pods-harvest.release.xcconfig"; sourceTree = "<group>"; };
		8D340E3778D839B673C8B991 /* Pods-harvest.debug.xcconfig */ = {isa = PBXFileReference; includeInIndex = 1; lastKnownFileType = text.xcconfig; name = "Pods-harvest.debug.xcconfig"; path = "Pods/Target Support Files/Pods-harvest/Pods-harvest.debug.xcconfig"; sourceTree = "<group>"; };
/* End PBXFileReference section */

/* Begin PBXFrameworksBuildPhase section */
		4AD59E841CC538BF0059E05E /* Frameworks */ = {
			isa = PBXFrameworksBuildPhase;
			buildActionMask = 2147483647;
			files = (
				22CE43DC2B7F5689F5DF5197 /* Pods_harvest.framework in Frameworks */,
			);
			runOnlyForDeploymentPostprocessing = 0;
		};
/* End PBXFrameworksBuildPhase section */

/* Begin PBXGroup section */
		0CC9DB0B706802401A441C3B /* Pods */ = {
			isa = PBXGroup;
			children = (
				8D340E3778D839B673C8B991 /* Pods-harvest.debug.xcconfig */,
				7D606A8A9ACDA3EBAB874420 /* Pods-harvest.release.xcconfig */,
			);
			name = Pods;
			sourceTree = "<group>";
		};
		4A5C8A471CC7DF31000B92B2 /* ViewController */ = {
			isa = PBXGroup;
			children = (
				4AD59E8C1CC538BF0059E05E /* MainViewController.swift */,
				4AD59E9E1CC542DA0059E05E /* TableViewController.swift */,
				4AD59EA01CC546620059E05E /* SelectionViewController.swift */,
				4A5C8A431CC7485A000B92B2 /* ArrivedViewController.swift */,
				4A5C8A451CC7DF24000B92B2 /* TransitViewController.swift */,
			);
			name = ViewController;
			sourceTree = "<group>";
		};
		4A680AC91CCE80750083FEFB /* Model */ = {
			isa = PBXGroup;
			children = (
				4A680ACA1CCE809C0083FEFB /* Run.swift */,
			);
			name = Model;
			sourceTree = "<group>";
		};
		4AD59E7E1CC538BF0059E05E = {
			isa = PBXGroup;
			children = (
				4AD59E891CC538BF0059E05E /* harvest */,
				4AD59E881CC538BF0059E05E /* Products */,
				0CC9DB0B706802401A441C3B /* Pods */,
				602E804408222001B0BD63A4 /* Frameworks */,
			);
			sourceTree = "<group>";
		};
		4AD59E881CC538BF0059E05E /* Products */ = {
			isa = PBXGroup;
			children = (
				4AD59E871CC538BF0059E05E /* harvest.app */,
			);
			name = Products;
			sourceTree = "<group>";
		};
		4AD59E891CC538BF0059E05E /* harvest */ = {
			isa = PBXGroup;
			children = (
				4A680AC91CCE80750083FEFB /* Model */,
				4A5C8A471CC7DF31000B92B2 /* ViewController */,
				4AD59E8A1CC538BF0059E05E /* AppDelegate.swift */,
				4AD59E8E1CC538BF0059E05E /* Main.storyboard */,
				4AD59E911CC538BF0059E05E /* Assets.xcassets */,
				4AD59E931CC538BF0059E05E /* LaunchScreen.storyboard */,
				4AD59E961CC538BF0059E05E /* Info.plist */,
				4A5C8A411CC742A4000B92B2 /* PickingCell.swift */,
			);
			path = harvest;
			sourceTree = "<group>";
		};
		602E804408222001B0BD63A4 /* Frameworks */ = {
			isa = PBXGroup;
			children = (
				78D3DA519960BA38D03644B0 /* Pods_harvest.framework */,
			);
			name = Frameworks;
			sourceTree = "<group>";
		};
/* End PBXGroup section */

/* Begin PBXNativeTarget section */
		4AD59E861CC538BF0059E05E /* harvest */ = {
			isa = PBXNativeTarget;
			buildConfigurationList = 4AD59E991CC538BF0059E05E /* Build configuration list for PBXNativeTarget "harvest" */;
			buildPhases = (
				78B9528C2C046AC35D9CBDB2 /* Check Pods Manifest.lock */,
				4AD59E831CC538BF0059E05E /* Sources */,
				4AD59E841CC538BF0059E05E /* Frameworks */,
				4AD59E851CC538BF0059E05E /* Resources */,
				97EA6D1AF773FDC983FABBEA /* Embed Pods Frameworks */,
				EDF4EA2527A902E5D733A598 /* Copy Pods Resources */,
			);
			buildRules = (
			);
			dependencies = (
			);
			name = harvest;
			productName = harvest;
			productReference = 4AD59E871CC538BF0059E05E /* harvest.app */;
			productType = "com.apple.product-type.application";
		};
/* End PBXNativeTarget section */

/* Begin PBXProject section */
		4AD59E7F1CC538BF0059E05E /* Project object */ = {
			isa = PBXProject;
			attributes = {
				LastSwiftUpdateCheck = 0730;
				LastUpgradeCheck = 0730;
				ORGANIZATIONNAME = "Philippe Kimura-Thollander";
				TargetAttributes = {
					4AD59E861CC538BF0059E05E = {
						CreatedOnToolsVersion = 7.3;
						DevelopmentTeam = NCYL63J6T7;
					};
				};
			};
			buildConfigurationList = 4AD59E821CC538BF0059E05E /* Build configuration list for PBXProject "harvest" */;
			compatibilityVersion = "Xcode 3.2";
			developmentRegion = English;
			hasScannedForEncodings = 0;
			knownRegions = (
				en,
				Base,
			);
			mainGroup = 4AD59E7E1CC538BF0059E05E;
			productRefGroup = 4AD59E881CC538BF0059E05E /* Products */;
			projectDirPath = "";
			projectRoot = "";
			targets = (
				4AD59E861CC538BF0059E05E /* harvest */,
			);
		};
/* End PBXProject section */

/* Begin PBXResourcesBuildPhase section */
		4AD59E851CC538BF0059E05E /* Resources */ = {
			isa = PBXResourcesBuildPhase;
			buildActionMask = 2147483647;
			files = (
				4AD59E951CC538BF0059E05E /* LaunchScreen.storyboard in Resources */,
				4AD59E921CC538BF0059E05E /* Assets.xcassets in Resources */,
				4AD59E901CC538BF0059E05E /* Main.storyboard in Resources */,
			);
			runOnlyForDeploymentPostprocessing = 0;
		};
/* End PBXResourcesBuildPhase section */

/* Begin PBXShellScriptBuildPhase section */
		78B9528C2C046AC35D9CBDB2 /* Check Pods Manifest.lock */ = {
			isa = PBXShellScriptBuildPhase;
			buildActionMask = 2147483647;
			files = (
			);
			inputPaths = (
			);
			name = "Check Pods Manifest.lock";
			outputPaths = (
			);
			runOnlyForDeploymentPostprocessing = 0;
			shellPath = /bin/sh;
			shellScript = "diff \"${PODS_ROOT}/../Podfile.lock\" \"${PODS_ROOT}/Manifest.lock\" > /dev/null\nif [[ $? != 0 ]] ; then\n    cat << EOM\nerror: The sandbox is not in sync with the Podfile.lock. Run 'pod install' or update your CocoaPods installation.\nEOM\n    exit 1\nfi\n";
			showEnvVarsInLog = 0;
		};
		97EA6D1AF773FDC983FABBEA /* Embed Pods Frameworks */ = {
			isa = PBXShellScriptBuildPhase;
			buildActionMask = 2147483647;
			files = (
			);
			inputPaths = (
			);
			name = "Embed Pods Frameworks";
			outputPaths = (
			);
			runOnlyForDeploymentPostprocessing = 0;
			shellPath = /bin/sh;
			shellScript = "\"${SRCROOT}/Pods/Target Support Files/Pods-harvest/Pods-harvest-frameworks.sh\"\n";
			showEnvVarsInLog = 0;
		};
		EDF4EA2527A902E5D733A598 /* Copy Pods Resources */ = {
			isa = PBXShellScriptBuildPhase;
			buildActionMask = 2147483647;
			files = (
			);
			inputPaths = (
			);
			name = "Copy Pods Resources";
			outputPaths = (
			);
			runOnlyForDeploymentPostprocessing = 0;
			shellPath = /bin/sh;
			shellScript = "\"${SRCROOT}/Pods/Target Support Files/Pods-harvest/Pods-harvest-resources.sh\"\n";
			showEnvVarsInLog = 0;
		};
/* End PBXShellScriptBuildPhase section */

/* Begin PBXSourcesBuildPhase section */
		4AD59E831CC538BF0059E05E /* Sources */ = {
			isa = PBXSourcesBuildPhase;
			buildActionMask = 2147483647;
			files = (
				4A5C8A441CC7485A000B92B2 /* ArrivedViewController.swift in Sources */,
				4A680ACB1CCE809C0083FEFB /* Run.swift in Sources */,
				4AD59E8D1CC538BF0059E05E /* MainViewController.swift in Sources */,
				4A5C8A461CC7DF24000B92B2 /* TransitViewController.swift in Sources */,
				4AD59EA11CC546620059E05E /* SelectionViewController.swift in Sources */,
				4A5C8A421CC742A4000B92B2 /* PickingCell.swift in Sources */,
				4AD59E9F1CC542DA0059E05E /* TableViewController.swift in Sources */,
				4AD59E8B1CC538BF0059E05E /* AppDelegate.swift in Sources */,
			);
			runOnlyForDeploymentPostprocessing = 0;
		};
/* End PBXSourcesBuildPhase section */

/* Begin PBXVariantGroup section */
		4AD59E8E1CC538BF0059E05E /* Main.storyboard */ = {
			isa = PBXVariantGroup;
			children = (
				4AD59E8F1CC538BF0059E05E /* Base */,
			);
			name = Main.storyboard;
			sourceTree = "<group>";
		};
		4AD59E931CC538BF0059E05E /* LaunchScreen.storyboard */ = {
			isa = PBXVariantGroup;
			children = (
				4AD59E941CC538BF0059E05E /* Base */,
			);
			name = LaunchScreen.storyboard;
			sourceTree = "<group>";
		};
/* End PBXVariantGroup section */

/* Begin XCBuildConfiguration section */
		4AD59E971CC538BF0059E05E /* Debug */ = {
			isa = XCBuildConfiguration;
			buildSettings = {
				ALWAYS_SEARCH_USER_PATHS = NO;
				CLANG_ANALYZER_NONNULL = YES;
				CLANG_CXX_LANGUAGE_STANDARD = "gnu++0x";
				CLANG_CXX_LIBRARY = "libc++";
				CLANG_ENABLE_MODULES = YES;
				CLANG_ENABLE_OBJC_ARC = YES;
				CLANG_WARN_BOOL_CONVERSION = YES;
				CLANG_WARN_CONSTANT_CONVERSION = YES;
				CLANG_WARN_DIRECT_OBJC_ISA_USAGE = YES_ERROR;
				CLANG_WARN_EMPTY_BODY = YES;
				CLANG_WARN_ENUM_CONVERSION = YES;
				CLANG_WARN_INT_CONVERSION = YES;
				CLANG_WARN_OBJC_ROOT_CLASS = YES_ERROR;
				CLANG_WARN_UNREACHABLE_CODE = YES;
				CLANG_WARN__DUPLICATE_METHOD_MATCH = YES;
				"CODE_SIGN_IDENTITY[sdk=iphoneos*]" = "iPhone Developer";
				COPY_PHASE_STRIP = NO;
				DEBUG_INFORMATION_FORMAT = dwarf;
				ENABLE_STRICT_OBJC_MSGSEND = YES;
				ENABLE_TESTABILITY = YES;
				GCC_C_LANGUAGE_STANDARD = gnu99;
				GCC_DYNAMIC_NO_PIC = NO;
				GCC_NO_COMMON_BLOCKS = YES;
				GCC_OPTIMIZATION_LEVEL = 0;
				GCC_PREPROCESSOR_DEFINITIONS = (
					"DEBUG=1",
					"$(inherited)",
				);
				GCC_WARN_64_TO_32_BIT_CONVERSION = YES;
				GCC_WARN_ABOUT_RETURN_TYPE = YES_ERROR;
				GCC_WARN_UNDECLARED_SELECTOR = YES;
				GCC_WARN_UNINITIALIZED_AUTOS = YES_AGGRESSIVE;
				GCC_WARN_UNUSED_FUNCTION = YES;
				GCC_WARN_UNUSED_VARIABLE = YES;
				IPHONEOS_DEPLOYMENT_TARGET = 9.3;
				MTL_ENABLE_DEBUG_INFO = YES;
				ONLY_ACTIVE_ARCH = YES;
				SDKROOT = iphoneos;
				SWIFT_OPTIMIZATION_LEVEL = "-Onone";
				TARGETED_DEVICE_FAMILY = "1,2";
			};
			name = Debug;
		};
		4AD59E981CC538BF0059E05E /* Release */ = {
			isa = XCBuildConfiguration;
			buildSettings = {
				ALWAYS_SEARCH_USER_PATHS = NO;
				CLANG_ANALYZER_NONNULL = YES;
				CLANG_CXX_LANGUAGE_STANDARD = "gnu++0x";
				CLANG_CXX_LIBRARY = "libc++";
				CLANG_ENABLE_MODULES = YES;
				CLANG_ENABLE_OBJC_ARC = YES;
				CLANG_WARN_BOOL_CONVERSION = YES;
				CLANG_WARN_CONSTANT_CONVERSION = YES;
				CLANG_WARN_DIRECT_OBJC_ISA_USAGE = YES_ERROR;
				CLANG_WARN_EMPTY_BODY = YES;
				CLANG_WARN_ENUM_CONVERSION = YES;
				CLANG_WARN_INT_CONVERSION = YES;
				CLANG_WARN_OBJC_ROOT_CLASS = YES_ERROR;
				CLANG_WARN_UNREACHABLE_CODE = YES;
				CLANG_WARN__DUPLICATE_METHOD_MATCH = YES;
				"CODE_SIGN_IDENTITY[sdk=iphoneos*]" = "iPhone Developer";
				COPY_PHASE_STRIP = NO;
				DEBUG_INFORMATION_FORMAT = "dwarf-with-dsym";
				ENABLE_NS_ASSERTIONS = NO;
				ENABLE_STRICT_OBJC_MSGSEND = YES;
				GCC_C_LANGUAGE_STANDARD = gnu99;
				GCC_NO_COMMON_BLOCKS = YES;
				GCC_WARN_64_TO_32_BIT_CONVERSION = YES;
				GCC_WARN_ABOUT_RETURN_TYPE = YES_ERROR;
				GCC_WARN_UNDECLARED_SELECTOR = YES;
				GCC_WARN_UNINITIALIZED_AUTOS = YES_AGGRESSIVE;
				GCC_WARN_UNUSED_FUNCTION = YES;
				GCC_WARN_UNUSED_VARIABLE = YES;
				IPHONEOS_DEPLOYMENT_TARGET = 9.3;
				MTL_ENABLE_DEBUG_INFO = NO;
				SDKROOT = iphoneos;
				TARGETED_DEVICE_FAMILY = "1,2";
				VALIDATE_PRODUCT = YES;
			};
			name = Release;
		};
		4AD59E9A1CC538BF0059E05E /* Debug */ = {
			isa = XCBuildConfiguration;
			baseConfigurationReference = 8D340E3778D839B673C8B991 /* Pods-harvest.debug.xcconfig */;
			buildSettings = {
				ASSETCATALOG_COMPILER_APPICON_NAME = AppIcon;
				INFOPLIST_FILE = harvest/Info.plist;
				LD_RUNPATH_SEARCH_PATHS = "$(inherited) @executable_path/Frameworks";
				PRODUCT_BUNDLE_IDENTIFIER = com.island.harvest;
				PRODUCT_NAME = "$(TARGET_NAME)";
			};
			name = Debug;
		};
		4AD59E9B1CC538BF0059E05E /* Release */ = {
			isa = XCBuildConfiguration;
			baseConfigurationReference = 7D606A8A9ACDA3EBAB874420 /* Pods-harvest.release.xcconfig */;
			buildSettings = {
				ASSETCATALOG_COMPILER_APPICON_NAME = AppIcon;
				INFOPLIST_FILE = harvest/Info.plist;
				LD_RUNPATH_SEARCH_PATHS = "$(inherited) @executable_path/Frameworks";
				PRODUCT_BUNDLE_IDENTIFIER = com.island.harvest;
				PRODUCT_NAME = "$(TARGET_NAME)";
			};
			name = Release;
		};
/* End XCBuildConfiguration section */

/* Begin XCConfigurationList section */
		4AD59E821CC538BF0059E05E /* Build configuration list for PBXProject "harvest" */ = {
			isa = XCConfigurationList;
			buildConfigurations = (
				4AD59E971CC538BF0059E05E /* Debug */,
				4AD59E981CC538BF0059E05E /* Release */,
			);
			defaultConfigurationIsVisible = 0;
			defaultConfigurationName = Release;
		};
		4AD59E991CC538BF0059E05E /* Build configuration list for PBXNativeTarget "harvest" */ = {
			isa = XCConfigurationList;
			buildConfigurations = (
				4AD59E9A1CC538BF0059E05E /* Debug */,
				4AD59E9B1CC538BF0059E05E /* Release */,
			);
			defaultConfigurationIsVisible = 0;
			defaultConfigurationName = Release;
		};
/* End XCConfigurationList section */
	};
	rootObject = 4AD59E7F1CC538BF0059E05E /* Project object */;
}
